// !$*UTF8*$!
{
	archiveVersion = 1;
	classes = {
	};
	objectVersion = 46;
	objects = {

/* Begin PBXBuildFile section */
		03159DDD1A09CA2F009C980E /* AppDelegate.swift in Sources */ = {isa = PBXBuildFile; fileRef = 03159DDC1A09CA2F009C980E /* AppDelegate.swift */; };
		03159DDF1A09CA2F009C980E /* ViewController.swift in Sources */ = {isa = PBXBuildFile; fileRef = 03159DDE1A09CA2F009C980E /* ViewController.swift */; };
		03159DE21A09CA2F009C980E /* Main.storyboard in Resources */ = {isa = PBXBuildFile; fileRef = 03159DE01A09CA2F009C980E /* Main.storyboard */; };
		03159DE41A09CA2F009C980E /* Images.xcassets in Resources */ = {isa = PBXBuildFile; fileRef = 03159DE31A09CA2F009C980E /* Images.xcassets */; };
		03159DE71A09CA2F009C980E /* LaunchScreen.xib in Resources */ = {isa = PBXBuildFile; fileRef = 03159DE51A09CA2F009C980E /* LaunchScreen.xib */; };
		03159DF31A09CA2F009C980E /* PostcardTests.swift in Sources */ = {isa = PBXBuildFile; fileRef = 03159DF21A09CA2F009C980E /* PostcardTests.swift */; };
		03E325E51A27D31900FBAA90 /* AlbertEinsteinStamp.jpg in Resources */ = {isa = PBXBuildFile; fileRef = 03E325E31A27D31900FBAA90 /* AlbertEinsteinStamp.jpg */; };
		03E325E61A27D31900FBAA90 /* SagradaFamilia.jpeg in Resources */ = {isa = PBXBuildFile; fileRef = 03E325E41A27D31900FBAA90 /* SagradaFamilia.jpeg */; };
/* End PBXBuildFile section */

/* Begin PBXContainerItemProxy section */
		03159DED1A09CA2F009C980E /* PBXContainerItemProxy */ = {
			isa = PBXContainerItemProxy;
			containerPortal = 03159DCF1A09CA2F009C980E /* Project object */;
			proxyType = 1;
			remoteGlobalIDString = 03159DD61A09CA2F009C980E;
			remoteInfo = Postcard;
		};
/* End PBXContainerItemProxy section */

/* Begin PBXFileReference section */
		03159DD71A09CA2F009C980E /* Postcard.app */ = {isa = PBXFileReference; explicitFileType = wrapper.application; includeInIndex = 0; path = Postcard.app; sourceTree = BUILT_PRODUCTS_DIR; };
		03159DDB1A09CA2F009C980E /* Info.plist */ = {isa = PBXFileReference; lastKnownFileType = text.plist.xml; path = Info.plist; sourceTree = "<group>"; };
		03159DDC1A09CA2F009C980E /* AppDelegate.swift */ = {isa = PBXFileReference; lastKnownFileType = sourcecode.swift; path = AppDelegate.swift; sourceTree = "<group>"; };
		03159DDE1A09CA2F009C980E /* ViewController.swift */ = {isa = PBXFileReference; lastKnownFileType = sourcecode.swift; path = ViewController.swift; sourceTree = "<group>"; };
		03159DE11A09CA2F009C980E /* Base */ = {isa = PBXFileReference; lastKnownFileType = file.storyboard; name = Base; path = Base.lproj/Main.storyboard; sourceTree = "<group>"; };
		03159DE31A09CA2F009C980E /* Images.xcassets */ = {isa = PBXFileReference; lastKnownFileType = folder.assetcatalog; path = Images.xcassets; sourceTree = "<group>"; };
		03159DE61A09CA2F009C980E /* Base */ = {isa = PBXFileReference; lastKnownFileType = file.xib; name = Base; path = Base.lproj/LaunchScreen.xib; sourceTree = "<group>"; };
		03159DEC1A09CA2F009C980E /* PostcardTests.xctest */ = {isa = PBXFileReference; explicitFileType = wrapper.cfbundle; includeInIndex = 0; path = PostcardTests.xctest; sourceTree = BUILT_PRODUCTS_DIR; };
		03159DF11A09CA2F009C980E /* Info.plist */ = {isa = PBXFileReference; lastKnownFileType = text.plist.xml; path = Info.plist; sourceTree = "<group>"; };
		03159DF21A09CA2F009C980E /* PostcardTests.swift */ = {isa = PBXFileReference; lastKnownFileType = sourcecode.swift; path = PostcardTests.swift; sourceTree = "<group>"; };
		03E325E31A27D31900FBAA90 /* AlbertEinsteinStamp.jpg */ = {isa = PBXFileReference; lastKnownFileType = image.jpeg; path = AlbertEinsteinStamp.jpg; sourceTree = "<group>"; };
		03E325E41A27D31900FBAA90 /* SagradaFamilia.jpeg */ = {isa = PBXFileReference; lastKnownFileType = image.jpeg; path = SagradaFamilia.jpeg; sourceTree = "<group>"; };
/* End PBXFileReference section */

/* Begin PBXFrameworksBuildPhase section */
		03159DD41A09CA2F009C980E /* Frameworks */ = {
			isa = PBXFrameworksBuildPhase;
			buildActionMask = 2147483647;
			files = (
			);
			runOnlyForDeploymentPostprocessing = 0;
		};
		03159DE91A09CA2F009C980E /* Frameworks */ = {
			isa = PBXFrameworksBuildPhase;
			buildActionMask = 2147483647;
			files = (
			);
			runOnlyForDeploymentPostprocessing = 0;
		};
/* End PBXFrameworksBuildPhase section */

/* Begin PBXGroup section */
		03159DCE1A09CA2F009C980E = {
			isa = PBXGroup;
			children = (
				03159DD91A09CA2F009C980E /* Postcard */,
				03159DEF1A09CA2F009C980E /* PostcardTests */,
				03159DD81A09CA2F009C980E /* Products */,
			);
			sourceTree = "<group>";
		};
		03159DD81A09CA2F009C980E /* Products */ = {
			isa = PBXGroup;
			children = (
				03159DD71A09CA2F009C980E /* Postcard.app */,
				03159DEC1A09CA2F009C980E /* PostcardTests.xctest */,
			);
			name = Products;
			sourceTree = "<group>";
		};
		03159DD91A09CA2F009C980E /* Postcard */ = {
			isa = PBXGroup;
			children = (
				03159DDC1A09CA2F009C980E /* AppDelegate.swift */,
				03159DDE1A09CA2F009C980E /* ViewController.swift */,
				03159DE01A09CA2F009C980E /* Main.storyboard */,
				03159DE31A09CA2F009C980E /* Images.xcassets */,
				03159DE51A09CA2F009C980E /* LaunchScreen.xib */,
				03159DDA1A09CA2F009C980E /* Supporting Files */,
			);
			path = Postcard;
			sourceTree = "<group>";
		};
		03159DDA1A09CA2F009C980E /* Supporting Files */ = {
			isa = PBXGroup;
			children = (
				03E325E31A27D31900FBAA90 /* AlbertEinsteinStamp.jpg */,
				03E325E41A27D31900FBAA90 /* SagradaFamilia.jpeg */,
				03159DDB1A09CA2F009C980E /* Info.plist */,
			);
			name = "Supporting Files";
			sourceTree = "<group>";
		};
		03159DEF1A09CA2F009C980E /* PostcardTests */ = {
			isa = PBXGroup;
			children = (
				03159DF21A09CA2F009C980E /* PostcardTests.swift */,
				03159DF01A09CA2F009C980E /* Supporting Files */,
			);
			path = PostcardTests;
			sourceTree = "<group>";
		};
		03159DF01A09CA2F009C980E /* Supporting Files */ = {
			isa = PBXGroup;
			children = (
				03159DF11A09CA2F009C980E /* Info.plist */,
			);
			name = "Supporting Files";
			sourceTree = "<group>";
		};
/* End PBXGroup section */

/* Begin PBXNativeTarget section */
		03159DD61A09CA2F009C980E /* Postcard */ = {
			isa = PBXNativeTarget;
			buildConfigurationList = 03159DF61A09CA2F009C980E /* Build configuration list for PBXNativeTarget "Postcard" */;
			buildPhases = (
				03159DD31A09CA2F009C980E /* Sources */,
				03159DD41A09CA2F009C980E /* Frameworks */,
				03159DD51A09CA2F009C980E /* Resources */,
			);
			buildRules = (
			);
			dependencies = (
			);
			name = Postcard;
			productName = Postcard;
			productReference = 03159DD71A09CA2F009C980E /* Postcard.app */;
			productType = "com.apple.product-type.application";
		};
		03159DEB1A09CA2F009C980E /* PostcardTests */ = {
			isa = PBXNativeTarget;
			buildConfigurationList = 03159DF91A09CA2F009C980E /* Build configuration list for PBXNativeTarget "PostcardTests" */;
			buildPhases = (
				03159DE81A09CA2F009C980E /* Sources */,
				03159DE91A09CA2F009C980E /* Frameworks */,
				03159DEA1A09CA2F009C980E /* Resources */,
			);
			buildRules = (
			);
			dependencies = (
				03159DEE1A09CA2F009C980E /* PBXTargetDependency */,
			);
			name = PostcardTests;
			productName = PostcardTests;
			productReference = 03159DEC1A09CA2F009C980E /* PostcardTests.xctest */;
			productType = "com.apple.product-type.bundle.unit-test";
		};
/* End PBXNativeTarget section */

/* Begin PBXProject section */
		03159DCF1A09CA2F009C980E /* Project object */ = {
			isa = PBXProject;
			attributes = {
				LastUpgradeCheck = 0610;
				ORGANIZATIONNAME = "Kevin Luck";
				TargetAttributes = {
					03159DD61A09CA2F009C980E = {
						CreatedOnToolsVersion = 6.1;
					};
					03159DEB1A09CA2F009C980E = {
						CreatedOnToolsVersion = 6.1;
						TestTargetID = 03159DD61A09CA2F009C980E;
					};
				};
			};
			buildConfigurationList = 03159DD21A09CA2F009C980E /* Build configuration list for PBXProject "Postcard" */;
			compatibilityVersion = "Xcode 3.2";
			developmentRegion = English;
			hasScannedForEncodings = 0;
			knownRegions = (
				en,
				Base,
			);
			mainGroup = 03159DCE1A09CA2F009C980E;
			productRefGroup = 03159DD81A09CA2F009C980E /* Products */;
			projectDirPath = "";
			projectRoot = "";
			targets = (
				03159DD61A09CA2F009C980E /* Postcard */,
				03159DEB1A09CA2F009C980E /* PostcardTests */,
			);
		};
/* End PBXProject section */

/* Begin PBXResourcesBuildPhase section */
		03159DD51A09CA2F009C980E /* Resources */ = {
			isa = PBXResourcesBuildPhase;
			buildActionMask = 2147483647;
			files = (
				03E325E51A27D31900FBAA90 /* AlbertEinsteinStamp.jpg in Resources */,
				03159DE21A09CA2F009C980E /* Main.storyboard in Resources */,
				03159DE71A09CA2F009C980E /* LaunchScreen.xib in Resources */,
				03159DE41A09CA2F009C980E /* Images.xcassets in Resources */,
				03E325E61A27D31900FBAA90 /* SagradaFamilia.jpeg in Resources */,
			);
			runOnlyForDeploymentPostprocessing = 0;
		};
		03159DEA1A09CA2F009C980E /* Resources */ = {
			isa = PBXResourcesBuildPhase;
			buildActionMask = 2147483647;
			files = (
			);
			runOnlyForDeploymentPostprocessing = 0;
		};
/* End PBXResourcesBuildPhase section */

/* Begin PBXSourcesBuildPhase section */
		03159DD31A09CA2F009C980E /* Sources */ = {
			isa = PBXSourcesBuildPhase;
			buildActionMask = 2147483647;
			files = (
				03159DDF1A09CA2F009C980E /* ViewController.swift in Sources */,
				03159DDD1A09CA2F009C980E /* AppDelegate.swift in Sources */,
			);
			runOnlyForDeploymentPostprocessing = 0;
		};
		03159DE81A09CA2F009C980E /* Sources */ = {
			isa = PBXSourcesBuildPhase;
			buildActionMask = 2147483647;
			files = (
				03159DF31A09CA2F009C980E /* PostcardTests.swift in Sources */,
			);
			runOnlyForDeploymentPostprocessing = 0;
		};
/* End PBXSourcesBuildPhase section */

/* Begin PBXTargetDependency section */
		03159DEE1A09CA2F009C980E /* PBXTargetDependency */ = {
			isa = PBXTargetDependency;
			target = 03159DD61A09CA2F009C980E /* Postcard */;
			targetProxy = 03159DED1A09CA2F009C980E /* PBXContainerItemProxy */;
		};
/* End PBXTargetDependency section */

/* Begin PBXVariantGroup section */
		03159DE01A09CA2F009C980E /* Main.storyboard */ = {
			isa = PBXVariantGroup;
			children = (
				03159DE11A09CA2F009C980E /* Base */,
			);
			name = Main.storyboard;
			sourceTree = "<group>";
		};
		03159DE51A09CA2F009C980E /* LaunchScreen.xib */ = {
			isa = PBXVariantGroup;
			children = (
				03159DE61A09CA2F009C980E /* Base */,
			);
			name = LaunchScreen.xib;
			sourceTree = "<group>";
		};
/* End PBXVariantGroup section */

/* Begin XCBuildConfiguration section */
		03159DF41A09CA2F009C980E /* Debug */ = {
			isa = XCBuildConfiguration;
			buildSettings = {
				ALWAYS_SEARCH_USER_PATHS = NO;
				CLANG_CXX_LANGUAGE_STANDARD = "gnu++0x";
				CLANG_CXX_LIBRARY = "libc++";
				CLANG_ENABLE_MODULES = YES;
				CLANG_ENABLE_OBJC_ARC = YES;
				CLANG_WARN_BOOL_CONVERSION = YES;
				CLANG_WARN_CONSTANT_CONVERSION = YES;
				CLANG_WARN_DIRECT_OBJC_ISA_USAGE = YES_ERROR;
				CLANG_WARN_EMPTY_BODY = YES;
				CLANG_WARN_ENUM_CONVERSION = YES;
				CLANG_WARN_INT_CONVERSION = YES;
				CLANG_WARN_OBJC_ROOT_CLASS = YES_ERROR;
				CLANG_WARN_UNREACHABLE_CODE = YES;
				CLANG_WARN__DUPLICATE_METHOD_MATCH = YES;
				"CODE_SIGN_IDENTITY[sdk=iphoneos*]" = "iPhone Developer";
				COPY_PHASE_STRIP = NO;
				ENABLE_STRICT_OBJC_MSGSEND = YES;
				GCC_C_LANGUAGE_STANDARD = gnu99;
				GCC_DYNAMIC_NO_PIC = NO;
				GCC_OPTIMIZATION_LEVEL = 0;
				GCC_PREPROCESSOR_DEFINITIONS = (
					"DEBUG=1",
					"$(inherited)",
				);
				GCC_SYMBOLS_PRIVATE_EXTERN = NO;
				GCC_WARN_64_TO_32_BIT_CONVERSION = YES;
				GCC_WARN_ABOUT_RETURN_TYPE = YES_ERROR;
				GCC_WARN_UNDECLARED_SELECTOR = YES;
				GCC_WARN_UNINITIALIZED_AUTOS = YES_AGGRESSIVE;
				GCC_WARN_UNUSED_FUNCTION = YES;
				GCC_WARN_UNUSED_VARIABLE = YES;
				IPHONEOS_DEPLOYMENT_TARGET = 8.1;
				MTL_ENABLE_DEBUG_INFO = YES;
				ONLY_ACTIVE_ARCH = YES;
				SDKROOT = iphoneos;
				SWIFT_OPTIMIZATION_LEVEL = "-Onone";
				TARGETED_DEVICE_FAMILY = "1,2";
			};
			name = Debug;
		};
		03159DF51A09CA2F009C980E /* Release */ = {
			isa = XCBuildConfiguration;
			buildSettings = {
				ALWAYS_SEARCH_USER_PATHS = NO;
				CLANG_CXX_LANGUAGE_STANDARD = "gnu++0x";
				CLANG_CXX_LIBRARY = "libc++";
				CLANG_ENABLE_MODULES = YES;
				CLANG_ENABLE_OBJC_ARC = YES;
				CLANG_WARN_BOOL_CONVERSION = YES;
				CLANG_WARN_CONSTANT_CONVERSION = YES;
				CLANG_WARN_DIRECT_OBJC_ISA_USAGE = YES_ERROR;
				CLANG_WARN_EMPTY_BODY = YES;
				CLANG_WARN_ENUM_CONVERSION = YES;
				CLANG_WARN_INT_CONVERSION = YES;
				CLANG_WARN_OBJC_ROOT_CLASS = YES_ERROR;
				CLANG_WARN_UNREACHABLE_CODE = YES;
				CLANG_WARN__DUPLICATE_METHOD_MATCH = YES;
				"CODE_SIGN_IDENTITY[sdk=iphoneos*]" = "iPhone Developer";
				COPY_PHASE_STRIP = YES;
				ENABLE_NS_ASSERTIONS = NO;
				ENABLE_STRICT_OBJC_MSGSEND = YES;
				GCC_C_LANGUAGE_STANDARD = gnu99;
				GCC_WARN_64_TO_32_BIT_CONVERSION = YES;
				GCC_WARN_ABOUT_RETURN_TYPE = YES_ERROR;
				GCC_WARN_UNDECLARED_SELECTOR = YES;
				GCC_WARN_UNINITIALIZED_AUTOS = YES_AGGRESSIVE;
				GCC_WARN_UNUSED_FUNCTION = YES;
				GCC_WARN_UNUSED_VARIABLE = YES;
				IPHONEOS_DEPLOYMENT_TARGET = 8.1;
				MTL_ENABLE_DEBUG_INFO = NO;
				SDKROOT = iphoneos;
				TARGETED_DEVICE_FAMILY = "1,2";
				VALIDATE_PRODUCT = YES;
			};
			name = Release;
		};
		03159DF71A09CA2F009C980E /* Debug */ = {
			isa = XCBuildConfiguration;
			buildSettings = {
				ASSETCATALOG_COMPILER_APPICON_NAME = AppIcon;
				INFOPLIST_FILE = Postcard/Info.plist;
				LD_RUNPATH_SEARCH_PATHS = "$(inherited) @executable_path/Frameworks";
				PRODUCT_NAME = "$(TARGET_NAME)";
			};
			name = Debug;
		};
		03159DF81A09CA2F009C980E /* Release */ = {
			isa = XCBuildConfiguration;
			buildSettings = {
				ASSETCATALOG_COMPILER_APPICON_NAME = AppIcon;
				INFOPLIST_FILE = Postcard/Info.plist;
				LD_RUNPATH_SEARCH_PATHS = "$(inherited) @executable_path/Frameworks";
				PRODUCT_NAME = "$(TARGET_NAME)";
			};
			name = Release;
		};
		03159DFA1A09CA2F009C980E /* Debug */ = {
			isa = XCBuildConfiguration;
			buildSettings = {
				BUNDLE_LOADER = "$(TEST_HOST)";
				FRAMEWORK_SEARCH_PATHS = (
					"$(SDKROOT)/Developer/Library/Frameworks",
					"$(inherited)",
				);
				GCC_PREPROCESSOR_DEFINITIONS = (
					"DEBUG=1",
					"$(inherited)",
				);
				INFOPLIST_FILE = PostcardTests/Info.plist;
				LD_RUNPATH_SEARCH_PATHS = "$(inherited) @executable_path/Frameworks @loader_path/Frameworks";
				PRODUCT_NAME = "$(TARGET_NAME)";
				TEST_HOST = "$(BUILT_PRODUCTS_DIR)/Postcard.app/Postcard";
			};
			name = Debug;
		};
		03159DFB1A09CA2F009C980E /* Release */ = {
			isa = XCBuildConfiguration;
			buildSettings = {
				BUNDLE_LOADER = "$(TEST_HOST)";
				FRAMEWORK_SEARCH_PATHS = (
					"$(SDKROOT)/Developer/Library/Frameworks",
					"$(inherited)",
				);
				INFOPLIST_FILE = PostcardTests/Info.plist;
				LD_RUNPATH_SEARCH_PATHS = "$(inherited) @executable_path/Frameworks @loader_path/Frameworks";
				PRODUCT_NAME = "$(TARGET_NAME)";
				TEST_HOST = "$(BUILT_PRODUCTS_DIR)/Postcard.app/Postcard";
			};
			name = Release;
		};
/* End XCBuildConfiguration section */

/* Begin XCConfigurationList section */
		03159DD21A09CA2F009C980E /* Build configuration list for PBXProject "Postcard" */ = {
			isa = XCConfigurationList;
			buildConfigurations = (
				03159DF41A09CA2F009C980E /* Debug */,
				03159DF51A09CA2F009C980E /* Release */,
			);
			defaultConfigurationIsVisible = 0;
			defaultConfigurationName = Release;
		};
		03159DF61A09CA2F009C980E /* Build configuration list for PBXNativeTarget "Postcard" */ = {
			isa = XCConfigurationList;
			buildConfigurations = (
				03159DF71A09CA2F009C980E /* Debug */,
				03159DF81A09CA2F009C980E /* Release */,
			);
			defaultConfigurationIsVisible = 0;
			defaultConfigurationName = Release;
		};
		03159DF91A09CA2F009C980E /* Build configuration list for PBXNativeTarget "PostcardTests" */ = {
			isa = XCConfigurationList;
			buildConfigurations = (
				03159DFA1A09CA2F009C980E /* Debug */,
				03159DFB1A09CA2F009C980E /* Release */,
			);
			defaultConfigurationIsVisible = 0;
			defaultConfigurationName = Release;
		};
/* End XCConfigurationList section */
	};
	rootObject = 03159DCF1A09CA2F009C980E /* Project object */;
}
